
Microsoft Visual Studio Solution File, Format Version 12.00
# Visual Studio Version 17
VisualStudioVersion = 17.2.32519.379
MinimumVisualStudioVersion = 10.0.40219.1
Project("{9A19103F-16F7-4668-BE54-9A1E7A4F7556}") = "FluentValidation.API", "FluentValidation\FluentValidation.API.csproj", "{F273738D-562B-47BE-84E6-192A77ECEE3A}"
EndProject
Project("{9A19103F-16F7-4668-BE54-9A1E7A4F7556}") = "FluentValidation.Entity", "FluentValidation.Entity\FluentValidation.Entity.csproj", "{994C73E2-4840-4D4F-94BA-D740F468862E}"
EndProject
Global
	GlobalSection(SolutionConfigurationPlatforms) = preSolution
		Debug|Any CPU = Debug|Any CPU
		Release|Any CPU = Release|Any CPU
	EndGlobalSection
	GlobalSection(ProjectConfigurationPlatforms) = postSolution
		{F273738D-562B-47BE-84E6-192A77ECEE3A}.Debug|Any CPU.ActiveCfg = Debug|Any CPU
		{F273738D-562B-47BE-84E6-192A77ECEE3A}.Debug|Any CPU.Build.0 = Debug|Any CPU
		{F273738D-562B-47BE-84E6-192A77ECEE3A}.Release|Any CPU.ActiveCfg = Release|Any CPU
		{F273738D-562B-47BE-84E6-192A77ECEE3A}.Release|Any CPU.Build.0 = Release|Any CPU
		{994C73E2-4840-4D4F-94BA-D740F468862E}.Debug|Any CPU.ActiveCfg = Debug|Any CPU
		{994C73E2-4840-4D4F-94BA-D740F468862E}.Debug|Any CPU.Build.0 = Debug|Any CPU
		{994C73E2-4840-4D4F-94BA-D740F468862E}.Release|Any CPU.ActiveCfg = Release|Any CPU
		{994C73E2-4840-4D4F-94BA-D740F468862E}.Release|Any CPU.Build.0 = Release|Any CPU
	EndGlobalSection
	GlobalSection(SolutionProperties) = preSolution
		HideSolutionNode = FALSE
	EndGlobalSection
	GlobalSection(ExtensibilityGlobals) = postSolution
		SolutionGuid = {458440B7-6EB2-4CAC-A40F-86D65E24688F}
	EndGlobalSection
EndGlobal
